// !$*UTF8*$!
{
	archiveVersion = 1;
	classes = {
	};
	objectVersion = 46;
	objects = {

/* Begin PBXBuildFile section */
		BC1682681DBB550B00F9629A /* AppDelegate.swift in Sources */ = {isa = PBXBuildFile; fileRef = BC1682671DBB550B00F9629A /* AppDelegate.swift */; };
		BC16826A1DBB550B00F9629A /* ViewController.swift in Sources */ = {isa = PBXBuildFile; fileRef = BC1682691DBB550B00F9629A /* ViewController.swift */; };
		BC16826D1DBB550B00F9629A /* Main.storyboard in Resources */ = {isa = PBXBuildFile; fileRef = BC16826B1DBB550B00F9629A /* Main.storyboard */; };
		BC16826F1DBB550B00F9629A /* Assets.xcassets in Resources */ = {isa = PBXBuildFile; fileRef = BC16826E1DBB550B00F9629A /* Assets.xcassets */; };
		BC1682721DBB550B00F9629A /* LaunchScreen.storyboard in Resources */ = {isa = PBXBuildFile; fileRef = BC1682701DBB550B00F9629A /* LaunchScreen.storyboard */; };
/* End PBXBuildFile section */

/* Begin PBXFileReference section */
		BC1682641DBB550B00F9629A /* IBOutlet_Example.app */ = {isa = PBXFileReference; explicitFileType = wrapper.application; includeInIndex = 0; path = IBOutlet_Example.app; sourceTree = BUILT_PRODUCTS_DIR; };
		BC1682671DBB550B00F9629A /* AppDelegate.swift */ = {isa = PBXFileReference; lastKnownFileType = sourcecode.swift; path = AppDelegate.swift; sourceTree = "<group>"; };
		BC1682691DBB550B00F9629A /* ViewController.swift */ = {isa = PBXFileReference; lastKnownFileType = sourcecode.swift; path = ViewController.swift; sourceTree = "<group>"; };
		BC16826C1DBB550B00F9629A /* Base */ = {isa = PBXFileReference; lastKnownFileType = file.storyboard; name = Base; path = Base.lproj/Main.storyboard; sourceTree = "<group>"; };
		BC16826E1DBB550B00F9629A /* Assets.xcassets */ = {isa = PBXFileReference; lastKnownFileType = folder.assetcatalog; path = Assets.xcassets; sourceTree = "<group>"; };
		BC1682711DBB550B00F9629A /* Base */ = {isa = PBXFileReference; lastKnownFileType = file.storyboard; name = Base; path = Base.lproj/LaunchScreen.storyboard; sourceTree = "<group>"; };
		BC1682731DBB550B00F9629A /* Info.plist */ = {isa = PBXFileReference; lastKnownFileType = text.plist.xml; path = Info.plist; sourceTree = "<group>"; };
/* End PBXFileReference section */

/* Begin PBXFrameworksBuildPhase section */
		BC1682611DBB550B00F9629A /* Frameworks */ = {
			isa = PBXFrameworksBuildPhase;
			buildActionMask = 2147483647;
			files = (
			);
			runOnlyForDeploymentPostprocessing = 0;
		};
/* End PBXFrameworksBuildPhase section */

/* Begin PBXGroup section */
		BC16825B1DBB550B00F9629A = {
			isa = PBXGroup;
			children = (
				BC1682661DBB550B00F9629A /* IBOutlet_Example */,
				BC1682651DBB550B00F9629A /* Products */,
			);
			sourceTree = "<group>";
		};
		BC1682651DBB550B00F9629A /* Products */ = {
			isa = PBXGroup;
			children = (
				BC1682641DBB550B00F9629A /* IBOutlet_Example.app */,
			);
			name = Products;
			sourceTree = "<group>";
		};
		BC1682661DBB550B00F9629A /* IBOutlet_Example */ = {
			isa = PBXGroup;
			children = (
				BC1682671DBB550B00F9629A /* AppDelegate.swift */,
				BC1682691DBB550B00F9629A /* ViewController.swift */,
				BC16826B1DBB550B00F9629A /* Main.storyboard */,
				BC16826E1DBB550B00F9629A /* Assets.xcassets */,
				BC1682701DBB550B00F9629A /* LaunchScreen.storyboard */,
				BC1682731DBB550B00F9629A /* Info.plist */,
			);
			path = IBOutlet_Example;
			sourceTree = "<group>";
		};
/* End PBXGroup section */

/* Begin PBXNativeTarget section */
		BC1682631DBB550B00F9629A /* IBOutlet_Example */ = {
			isa = PBXNativeTarget;
			buildConfigurationList = BC1682761DBB550B00F9629A /* Build configuration list for PBXNativeTarget "IBOutlet_Example" */;
			buildPhases = (
				BC1682601DBB550B00F9629A /* Sources */,
				BC1682611DBB550B00F9629A /* Frameworks */,
				BC1682621DBB550B00F9629A /* Resources */,
			);
			buildRules = (
			);
			dependencies = (
			);
			name = IBOutlet_Example;
			productName = IBOutlet_Example;
			productReference = BC1682641DBB550B00F9629A /* IBOutlet_Example.app */;
			productType = "com.apple.product-type.application";
		};
/* End PBXNativeTarget section */

/* Begin PBXProject section */
		BC16825C1DBB550B00F9629A /* Project object */ = {
			isa = PBXProject;
			attributes = {
				LastSwiftUpdateCheck = 0800;
				LastUpgradeCheck = 0800;
				ORGANIZATIONNAME = "zero plus";
				TargetAttributes = {
					BC1682631DBB550B00F9629A = {
						CreatedOnToolsVersion = 8.0;
						ProvisioningStyle = Automatic;
					};
				};
			};
			buildConfigurationList = BC16825F1DBB550B00F9629A /* Build configuration list for PBXProject "IBOutlet_Example" */;
			compatibilityVersion = "Xcode 3.2";
			developmentRegion = English;
			hasScannedForEncodings = 0;
			knownRegions = (
				en,
				Base,
			);
			mainGroup = BC16825B1DBB550B00F9629A;
			productRefGroup = BC1682651DBB550B00F9629A /* Products */;
			projectDirPath = "";
			projectRoot = "";
			targets = (
				BC1682631DBB550B00F9629A /* IBOutlet_Example */,
			);
		};
/* End PBXProject section */

/* Begin PBXResourcesBuildPhase section */
		BC1682621DBB550B00F9629A /* Resources */ = {
			isa = PBXResourcesBuildPhase;
			buildActionMask = 2147483647;
			files = (
				BC1682721DBB550B00F9629A /* LaunchScreen.storyboard in Resources */,
				BC16826F1DBB550B00F9629A /* Assets.xcassets in Resources */,
				BC16826D1DBB550B00F9629A /* Main.storyboard in Resources */,
			);
			runOnlyForDeploymentPostprocessing = 0;
		};
/* End PBXResourcesBuildPhase section */

/* Begin PBXSourcesBuildPhase section */
		BC1682601DBB550B00F9629A /* Sources */ = {
			isa = PBXSourcesBuildPhase;
			buildActionMask = 2147483647;
			files = (
				BC16826A1DBB550B00F9629A /* ViewController.swift in Sources */,
				BC1682681DBB550B00F9629A /* AppDelegate.swift in Sources */,
			);
			runOnlyForDeploymentPostprocessing = 0;
		};
/* End PBXSourcesBuildPhase section */

/* Begin PBXVariantGroup section */
		BC16826B1DBB550B00F9629A /* Main.storyboard */ = {
			isa = PBXVariantGroup;
			children = (
				BC16826C1DBB550B00F9629A /* Base */,
			);
			name = Main.storyboard;
			sourceTree = "<group>";
		};
		BC1682701DBB550B00F9629A /* LaunchScreen.storyboard */ = {
			isa = PBXVariantGroup;
			children = (
				BC1682711DBB550B00F9629A /* Base */,
			);
			name = LaunchScreen.storyboard;
			sourceTree = "<group>";
		};
/* End PBXVariantGroup section */

/* Begin XCBuildConfiguration section */
		BC1682741DBB550B00F9629A /* Debug */ = {
			isa = XCBuildConfiguration;
			buildSettings = {
				ALWAYS_SEARCH_USER_PATHS = NO;
				CLANG_ANALYZER_NONNULL = YES;
				CLANG_CXX_LANGUAGE_STANDARD = "gnu++0x";
				CLANG_CXX_LIBRARY = "libc++";
				CLANG_ENABLE_MODULES = YES;
				CLANG_ENABLE_OBJC_ARC = YES;
				CLANG_WARN_BOOL_CONVERSION = YES;
				CLANG_WARN_CONSTANT_CONVERSION = YES;
				CLANG_WARN_DIRECT_OBJC_ISA_USAGE = YES_ERROR;
				CLANG_WARN_DOCUMENTATION_COMMENTS = YES;
				CLANG_WARN_EMPTY_BODY = YES;
				CLANG_WARN_ENUM_CONVERSION = YES;
				CLANG_WARN_INFINITE_RECURSION = YES;
				CLANG_WARN_INT_CONVERSION = YES;
				CLANG_WARN_OBJC_ROOT_CLASS = YES_ERROR;
				CLANG_WARN_SUSPICIOUS_MOVES = YES;
				CLANG_WARN_UNREACHABLE_CODE = YES;
				CLANG_WARN__DUPLICATE_METHOD_MATCH = YES;
				"CODE_SIGN_IDENTITY[sdk=iphoneos*]" = "iPhone Developer";
				COPY_PHASE_STRIP = NO;
				DEBUG_INFORMATION_FORMAT = dwarf;
				ENABLE_STRICT_OBJC_MSGSEND = YES;
				ENABLE_TESTABILITY = YES;
				GCC_C_LANGUAGE_STANDARD = gnu99;
				GCC_DYNAMIC_NO_PIC = NO;
				GCC_NO_COMMON_BLOCKS = YES;
				GCC_OPTIMIZATION_LEVEL = 0;
				GCC_PREPROCESSOR_DEFINITIONS = (
					"DEBUG=1",
					"$(inherited)",
				);
				GCC_WARN_64_TO_32_BIT_CONVERSION = YES;
				GCC_WARN_ABOUT_RETURN_TYPE = YES_ERROR;
				GCC_WARN_UNDECLARED_SELECTOR = YES;
				GCC_WARN_UNINITIALIZED_AUTOS = YES_AGGRESSIVE;
				GCC_WARN_UNUSED_FUNCTION = YES;
				GCC_WARN_UNUSED_VARIABLE = YES;
				IPHONEOS_DEPLOYMENT_TARGET = 10.0;
				MTL_ENABLE_DEBUG_INFO = YES;
				ONLY_ACTIVE_ARCH = YES;
				SDKROOT = iphoneos;
				SWIFT_ACTIVE_COMPILATION_CONDITIONS = DEBUG;
				SWIFT_OPTIMIZATION_LEVEL = "-Onone";
			};
			name = Debug;
		};
		BC1682751DBB550B00F9629A /* Release */ = {
			isa = XCBuildConfiguration;
			buildSettings = {
				ALWAYS_SEARCH_USER_PATHS = NO;
				CLANG_ANALYZER_NONNULL = YES;
				CLANG_CXX_LANGUAGE_STANDARD = "gnu++0x";
				CLANG_CXX_LIBRARY = "libc++";
				CLANG_ENABLE_MODULES = YES;
				CLANG_ENABLE_OBJC_ARC = YES;
				CLANG_WARN_BOOL_CONVERSION = YES;
				CLANG_WARN_CONSTANT_CONVERSION = YES;
				CLANG_WARN_DIRECT_OBJC_ISA_USAGE = YES_ERROR;
				CLANG_WARN_DOCUMENTATION_COMMENTS = YES;
				CLANG_WARN_EMPTY_BODY = YES;
				CLANG_WARN_ENUM_CONVERSION = YES;
				CLANG_WARN_INFINITE_RECURSION = YES;
				CLANG_WARN_INT_CONVERSION = YES;
				CLANG_WARN_OBJC_ROOT_CLASS = YES_ERROR;
				CLANG_WARN_SUSPICIOUS_MOVES = YES;
				CLANG_WARN_UNREACHABLE_CODE = YES;
				CLANG_WARN__DUPLICATE_METHOD_MATCH = YES;
				"CODE_SIGN_IDENTITY[sdk=iphoneos*]" = "iPhone Developer";
				COPY_PHASE_STRIP = NO;
				DEBUG_INFORMATION_FORMAT = "dwarf-with-dsym";
				ENABLE_NS_ASSERTIONS = NO;
				ENABLE_STRICT_OBJC_MSGSEND = YES;
				GCC_C_LANGUAGE_STANDARD = gnu99;
				GCC_NO_COMMON_BLOCKS = YES;
				GCC_WARN_64_TO_32_BIT_CONVERSION = YES;
				GCC_WARN_ABOUT_RETURN_TYPE = YES_ERROR;
				GCC_WARN_UNDECLARED_SELECTOR = YES;
				GCC_WARN_UNINITIALIZED_AUTOS = YES_AGGRESSIVE;
				GCC_WARN_UNUSED_FUNCTION = YES;
				GCC_WARN_UNUSED_VARIABLE = YES;
				IPHONEOS_DEPLOYMENT_TARGET = 10.0;
				MTL_ENABLE_DEBUG_INFO = NO;
				SDKROOT = iphoneos;
				SWIFT_OPTIMIZATION_LEVEL = "-Owholemodule";
				VALIDATE_PRODUCT = YES;
			};
			name = Release;
		};
		BC1682771DBB550B00F9629A /* Debug */ = {
			isa = XCBuildConfiguration;
			buildSettings = {
				ASSETCATALOG_COMPILER_APPICON_NAME = AppIcon;
				INFOPLIST_FILE = IBOutlet_Example/Info.plist;
				LD_RUNPATH_SEARCH_PATHS = "$(inherited) @executable_path/Frameworks";
				PRODUCT_BUNDLE_IDENTIFIER = "com.wow.IBOutlet-Example";
				PRODUCT_NAME = "$(TARGET_NAME)";
				SWIFT_VERSION = 3.0;
			};
			name = Debug;
		};
		BC1682781DBB550B00F9629A /* Release */ = {
			isa = XCBuildConfiguration;
			buildSettings = {
				ASSETCATALOG_COMPILER_APPICON_NAME = AppIcon;
				INFOPLIST_FILE = IBOutlet_Example/Info.plist;
				LD_RUNPATH_SEARCH_PATHS = "$(inherited) @executable_path/Frameworks";
				PRODUCT_BUNDLE_IDENTIFIER = "com.wow.IBOutlet-Example";
				PRODUCT_NAME = "$(TARGET_NAME)";
				SWIFT_VERSION = 3.0;
			};
			name = Release;
		};
/* End XCBuildConfiguration section */

/* Begin XCConfigurationList section */
		BC16825F1DBB550B00F9629A /* Build configuration list for PBXProject "IBOutlet_Example" */ = {
			isa = XCConfigurationList;
			buildConfigurations = (
				BC1682741DBB550B00F9629A /* Debug */,
				BC1682751DBB550B00F9629A /* Release */,
			);
			defaultConfigurationIsVisible = 0;
			defaultConfigurationName = Release;
		};
		BC1682761DBB550B00F9629A /* Build configuration list for PBXNativeTarget "IBOutlet_Example" */ = {
			isa = XCConfigurationList;
			buildConfigurations = (
				BC1682771DBB550B00F9629A /* Debug */,
				BC1682781DBB550B00F9629A /* Release */,
			);
			defaultConfigurationIsVisible = 0;
		};
/* End XCConfigurationList section */
	};
	rootObject = BC16825C1DBB550B00F9629A /* Project object */;
}
